
Microsoft Visual Studio Solution File, Format Version 12.00
# Visual Studio Version 17
VisualStudioVersion = 17.9.34701.34
MinimumVisualStudioVersion = 10.0.40219.1
Project("{FAE04EC0-301F-11D3-BF4B-00C04F79EFBC}") = "ChatAppSignalR", "ChatAppSignalR\ChatAppSignalR.csproj", "{89919136-DFD1-498F-ABA4-EF4F171FEF4D}"
EndProject
Global
	GlobalSection(SolutionConfigurationPlatforms) = preSolution
		Debug|Any CPU = Debug|Any CPU
		Release|Any CPU = Release|Any CPU
	EndGlobalSection
	GlobalSection(ProjectConfigurationPlatforms) = postSolution
		{89919136-DFD1-498F-ABA4-EF4F171FEF4D}.Debug|Any CPU.ActiveCfg = Debug|Any CPU
		{89919136-DFD1-498F-ABA4-EF4F171FEF4D}.Debug|Any CPU.Build.0 = Debug|Any CPU
		{89919136-DFD1-498F-ABA4-EF4F171FEF4D}.Release|Any CPU.ActiveCfg = Release|Any CPU
		{89919136-DFD1-498F-ABA4-EF4F171FEF4D}.Release|Any CPU.Build.0 = Release|Any CPU
	EndGlobalSection
	GlobalSection(SolutionProperties) = preSolution
		HideSolutionNode = FALSE
	EndGlobalSection
	GlobalSection(ExtensibilityGlobals) = postSolution
		SolutionGuid = {E92286E7-A76E-4823-9621-7FD4C546778A}
	EndGlobalSection
EndGlobal
